// !$*UTF8*$!
{
	archiveVersion = 1;
	classes = {
	};
	objectVersion = 46;
	objects = {

/* Begin PBXBuildFile section */
		F19BD2151A3350FC005C89D3 /* AppDelegate.swift in Sources */ = {isa = PBXBuildFile; fileRef = F19BD2141A3350FC005C89D3 /* AppDelegate.swift */; };
		F19BD2171A3350FC005C89D3 /* ViewController.swift in Sources */ = {isa = PBXBuildFile; fileRef = F19BD2161A3350FC005C89D3 /* ViewController.swift */; };
		F19BD21A1A3350FC005C89D3 /* Main.storyboard in Resources */ = {isa = PBXBuildFile; fileRef = F19BD2181A3350FC005C89D3 /* Main.storyboard */; };
		F19BD21C1A3350FC005C89D3 /* Images.xcassets in Resources */ = {isa = PBXBuildFile; fileRef = F19BD21B1A3350FC005C89D3 /* Images.xcassets */; };
		F19BD21F1A3350FC005C89D3 /* LaunchScreen.xib in Resources */ = {isa = PBXBuildFile; fileRef = F19BD21D1A3350FC005C89D3 /* LaunchScreen.xib */; };
		F19BD22B1A3350FC005C89D3 /* playgroundTests.swift in Sources */ = {isa = PBXBuildFile; fileRef = F19BD22A1A3350FC005C89D3 /* playgroundTests.swift */; };
/* End PBXBuildFile section */

/* Begin PBXContainerItemProxy section */
		F19BD2251A3350FC005C89D3 /* PBXContainerItemProxy */ = {
			isa = PBXContainerItemProxy;
			containerPortal = F19BD2071A3350FC005C89D3 /* Project object */;
			proxyType = 1;
			remoteGlobalIDString = F19BD20E1A3350FC005C89D3;
			remoteInfo = playground;
		};
/* End PBXContainerItemProxy section */

/* Begin PBXFileReference section */
		F19BD20F1A3350FC005C89D3 /* playground.app */ = {isa = PBXFileReference; explicitFileType = wrapper.application; includeInIndex = 0; path = playground.app; sourceTree = BUILT_PRODUCTS_DIR; };
		F19BD2131A3350FC005C89D3 /* Info.plist */ = {isa = PBXFileReference; lastKnownFileType = text.plist.xml; path = Info.plist; sourceTree = "<group>"; };
		F19BD2141A3350FC005C89D3 /* AppDelegate.swift */ = {isa = PBXFileReference; lastKnownFileType = sourcecode.swift; path = AppDelegate.swift; sourceTree = "<group>"; };
		F19BD2161A3350FC005C89D3 /* ViewController.swift */ = {isa = PBXFileReference; lastKnownFileType = sourcecode.swift; path = ViewController.swift; sourceTree = "<group>"; };
		F19BD2191A3350FC005C89D3 /* Base */ = {isa = PBXFileReference; lastKnownFileType = file.storyboard; name = Base; path = Base.lproj/Main.storyboard; sourceTree = "<group>"; };
		F19BD21B1A3350FC005C89D3 /* Images.xcassets */ = {isa = PBXFileReference; lastKnownFileType = folder.assetcatalog; path = Images.xcassets; sourceTree = "<group>"; };
		F19BD21E1A3350FC005C89D3 /* Base */ = {isa = PBXFileReference; lastKnownFileType = file.xib; name = Base; path = Base.lproj/LaunchScreen.xib; sourceTree = "<group>"; };
		F19BD2241A3350FC005C89D3 /* playgroundTests.xctest */ = {isa = PBXFileReference; explicitFileType = wrapper.cfbundle; includeInIndex = 0; path = playgroundTests.xctest; sourceTree = BUILT_PRODUCTS_DIR; };
		F19BD2291A3350FC005C89D3 /* Info.plist */ = {isa = PBXFileReference; lastKnownFileType = text.plist.xml; path = Info.plist; sourceTree = "<group>"; };
		F19BD22A1A3350FC005C89D3 /* playgroundTests.swift */ = {isa = PBXFileReference; lastKnownFileType = sourcecode.swift; path = playgroundTests.swift; sourceTree = "<group>"; };
/* End PBXFileReference section */

/* Begin PBXFrameworksBuildPhase section */
		F19BD20C1A3350FC005C89D3 /* Frameworks */ = {
			isa = PBXFrameworksBuildPhase;
			buildActionMask = 2147483647;
			files = (
			);
			runOnlyForDeploymentPostprocessing = 0;
		};
		F19BD2211A3350FC005C89D3 /* Frameworks */ = {
			isa = PBXFrameworksBuildPhase;
			buildActionMask = 2147483647;
			files = (
			);
			runOnlyForDeploymentPostprocessing = 0;
		};
/* End PBXFrameworksBuildPhase section */

/* Begin PBXGroup section */
		F19BD2061A3350FC005C89D3 = {
			isa = PBXGroup;
			children = (
				F19BD2111A3350FC005C89D3 /* playground */,
				F19BD2271A3350FC005C89D3 /* playgroundTests */,
				F19BD2101A3350FC005C89D3 /* Products */,
			);
			sourceTree = "<group>";
		};
		F19BD2101A3350FC005C89D3 /* Products */ = {
			isa = PBXGroup;
			children = (
				F19BD20F1A3350FC005C89D3 /* playground.app */,
				F19BD2241A3350FC005C89D3 /* playgroundTests.xctest */,
			);
			name = Products;
			sourceTree = "<group>";
		};
		F19BD2111A3350FC005C89D3 /* playground */ = {
			isa = PBXGroup;
			children = (
				F19BD2141A3350FC005C89D3 /* AppDelegate.swift */,
				F19BD2161A3350FC005C89D3 /* ViewController.swift */,
				F19BD2181A3350FC005C89D3 /* Main.storyboard */,
				F19BD21B1A3350FC005C89D3 /* Images.xcassets */,
				F19BD21D1A3350FC005C89D3 /* LaunchScreen.xib */,
				F19BD2121A3350FC005C89D3 /* Supporting Files */,
			);
			path = playground;
			sourceTree = "<group>";
		};
		F19BD2121A3350FC005C89D3 /* Supporting Files */ = {
			isa = PBXGroup;
			children = (
				F19BD2131A3350FC005C89D3 /* Info.plist */,
			);
			name = "Supporting Files";
			sourceTree = "<group>";
		};
		F19BD2271A3350FC005C89D3 /* playgroundTests */ = {
			isa = PBXGroup;
			children = (
				F19BD22A1A3350FC005C89D3 /* playgroundTests.swift */,
				F19BD2281A3350FC005C89D3 /* Supporting Files */,
			);
			path = playgroundTests;
			sourceTree = "<group>";
		};
		F19BD2281A3350FC005C89D3 /* Supporting Files */ = {
			isa = PBXGroup;
			children = (
				F19BD2291A3350FC005C89D3 /* Info.plist */,
			);
			name = "Supporting Files";
			sourceTree = "<group>";
		};
/* End PBXGroup section */

/* Begin PBXNativeTarget section */
		F19BD20E1A3350FC005C89D3 /* playground */ = {
			isa = PBXNativeTarget;
			buildConfigurationList = F19BD22E1A3350FC005C89D3 /* Build configuration list for PBXNativeTarget "playground" */;
			buildPhases = (
				F19BD20B1A3350FC005C89D3 /* Sources */,
				F19BD20C1A3350FC005C89D3 /* Frameworks */,
				F19BD20D1A3350FC005C89D3 /* Resources */,
			);
			buildRules = (
			);
			dependencies = (
			);
			name = playground;
			productName = playground;
			productReference = F19BD20F1A3350FC005C89D3 /* playground.app */;
			productType = "com.apple.product-type.application";
		};
		F19BD2231A3350FC005C89D3 /* playgroundTests */ = {
			isa = PBXNativeTarget;
			buildConfigurationList = F19BD2311A3350FC005C89D3 /* Build configuration list for PBXNativeTarget "playgroundTests" */;
			buildPhases = (
				F19BD2201A3350FC005C89D3 /* Sources */,
				F19BD2211A3350FC005C89D3 /* Frameworks */,
				F19BD2221A3350FC005C89D3 /* Resources */,
			);
			buildRules = (
			);
			dependencies = (
				F19BD2261A3350FC005C89D3 /* PBXTargetDependency */,
			);
			name = playgroundTests;
			productName = playgroundTests;
			productReference = F19BD2241A3350FC005C89D3 /* playgroundTests.xctest */;
			productType = "com.apple.product-type.bundle.unit-test";
		};
/* End PBXNativeTarget section */

/* Begin PBXProject section */
		F19BD2071A3350FC005C89D3 /* Project object */ = {
			isa = PBXProject;
			attributes = {
				LastUpgradeCheck = 0610;
				ORGANIZATIONNAME = "Siddhartha Gupta";
				TargetAttributes = {
					F19BD20E1A3350FC005C89D3 = {
						CreatedOnToolsVersion = 6.1.1;
					};
					F19BD2231A3350FC005C89D3 = {
						CreatedOnToolsVersion = 6.1.1;
						TestTargetID = F19BD20E1A3350FC005C89D3;
					};
				};
			};
			buildConfigurationList = F19BD20A1A3350FC005C89D3 /* Build configuration list for PBXProject "playground" */;
			compatibilityVersion = "Xcode 3.2";
			developmentRegion = English;
			hasScannedForEncodings = 0;
			knownRegions = (
				en,
				Base,
			);
			mainGroup = F19BD2061A3350FC005C89D3;
			productRefGroup = F19BD2101A3350FC005C89D3 /* Products */;
			projectDirPath = "";
			projectRoot = "";
			targets = (
				F19BD20E1A3350FC005C89D3 /* playground */,
				F19BD2231A3350FC005C89D3 /* playgroundTests */,
			);
		};
/* End PBXProject section */

/* Begin PBXResourcesBuildPhase section */
		F19BD20D1A3350FC005C89D3 /* Resources */ = {
			isa = PBXResourcesBuildPhase;
			buildActionMask = 2147483647;
			files = (
				F19BD21A1A3350FC005C89D3 /* Main.storyboard in Resources */,
				F19BD21F1A3350FC005C89D3 /* LaunchScreen.xib in Resources */,
				F19BD21C1A3350FC005C89D3 /* Images.xcassets in Resources */,
			);
			runOnlyForDeploymentPostprocessing = 0;
		};
		F19BD2221A3350FC005C89D3 /* Resources */ = {
			isa = PBXResourcesBuildPhase;
			buildActionMask = 2147483647;
			files = (
			);
			runOnlyForDeploymentPostprocessing = 0;
		};
/* End PBXResourcesBuildPhase section */

/* Begin PBXSourcesBuildPhase section */
		F19BD20B1A3350FC005C89D3 /* Sources */ = {
			isa = PBXSourcesBuildPhase;
			buildActionMask = 2147483647;
			files = (
				F19BD2171A3350FC005C89D3 /* ViewController.swift in Sources */,
				F19BD2151A3350FC005C89D3 /* AppDelegate.swift in Sources */,
			);
			runOnlyForDeploymentPostprocessing = 0;
		};
		F19BD2201A3350FC005C89D3 /* Sources */ = {
			isa = PBXSourcesBuildPhase;
			buildActionMask = 2147483647;
			files = (
				F19BD22B1A3350FC005C89D3 /* playgroundTests.swift in Sources */,
			);
			runOnlyForDeploymentPostprocessing = 0;
		};
/* End PBXSourcesBuildPhase section */

/* Begin PBXTargetDependency section */
		F19BD2261A3350FC005C89D3 /* PBXTargetDependency */ = {
			isa = PBXTargetDependency;
			target = F19BD20E1A3350FC005C89D3 /* playground */;
			targetProxy = F19BD2251A3350FC005C89D3 /* PBXContainerItemProxy */;
		};
/* End PBXTargetDependency section */

/* Begin PBXVariantGroup section */
		F19BD2181A3350FC005C89D3 /* Main.storyboard */ = {
			isa = PBXVariantGroup;
			children = (
				F19BD2191A3350FC005C89D3 /* Base */,
			);
			name = Main.storyboard;
			sourceTree = "<group>";
		};
		F19BD21D1A3350FC005C89D3 /* LaunchScreen.xib */ = {
			isa = PBXVariantGroup;
			children = (
				F19BD21E1A3350FC005C89D3 /* Base */,
			);
			name = LaunchScreen.xib;
			sourceTree = "<group>";
		};
/* End PBXVariantGroup section */

/* Begin XCBuildConfiguration section */
		F19BD22C1A3350FC005C89D3 /* Debug */ = {
			isa = XCBuildConfiguration;
			buildSettings = {
				ALWAYS_SEARCH_USER_PATHS = NO;
				CLANG_CXX_LANGUAGE_STANDARD = "gnu++0x";
				CLANG_CXX_LIBRARY = "libc++";
				CLANG_ENABLE_MODULES = YES;
				CLANG_ENABLE_OBJC_ARC = YES;
				CLANG_WARN_BOOL_CONVERSION = YES;
				CLANG_WARN_CONSTANT_CONVERSION = YES;
				CLANG_WARN_DIRECT_OBJC_ISA_USAGE = YES_ERROR;
				CLANG_WARN_EMPTY_BODY = YES;
				CLANG_WARN_ENUM_CONVERSION = YES;
				CLANG_WARN_INT_CONVERSION = YES;
				CLANG_WARN_OBJC_ROOT_CLASS = YES_ERROR;
				CLANG_WARN_UNREACHABLE_CODE = YES;
				CLANG_WARN__DUPLICATE_METHOD_MATCH = YES;
				"CODE_SIGN_IDENTITY[sdk=iphoneos*]" = "iPhone Developer";
				COPY_PHASE_STRIP = NO;
				ENABLE_STRICT_OBJC_MSGSEND = YES;
				GCC_C_LANGUAGE_STANDARD = gnu99;
				GCC_DYNAMIC_NO_PIC = NO;
				GCC_OPTIMIZATION_LEVEL = 0;
				GCC_PREPROCESSOR_DEFINITIONS = (
					"DEBUG=1",
					"$(inherited)",
				);
				GCC_SYMBOLS_PRIVATE_EXTERN = NO;
				GCC_WARN_64_TO_32_BIT_CONVERSION = YES;
				GCC_WARN_ABOUT_RETURN_TYPE = YES_ERROR;
				GCC_WARN_UNDECLARED_SELECTOR = YES;
				GCC_WARN_UNINITIALIZED_AUTOS = YES_AGGRESSIVE;
				GCC_WARN_UNUSED_FUNCTION = YES;
				GCC_WARN_UNUSED_VARIABLE = YES;
				IPHONEOS_DEPLOYMENT_TARGET = 8.1;
				MTL_ENABLE_DEBUG_INFO = YES;
				ONLY_ACTIVE_ARCH = YES;
				SDKROOT = iphoneos;
				SWIFT_OPTIMIZATION_LEVEL = "-Onone";
				TARGETED_DEVICE_FAMILY = "1,2";
			};
			name = Debug;
		};
		F19BD22D1A3350FC005C89D3 /* Release */ = {
			isa = XCBuildConfiguration;
			buildSettings = {
				ALWAYS_SEARCH_USER_PATHS = NO;
				CLANG_CXX_LANGUAGE_STANDARD = "gnu++0x";
				CLANG_CXX_LIBRARY = "libc++";
				CLANG_ENABLE_MODULES = YES;
				CLANG_ENABLE_OBJC_ARC = YES;
				CLANG_WARN_BOOL_CONVERSION = YES;
				CLANG_WARN_CONSTANT_CONVERSION = YES;
				CLANG_WARN_DIRECT_OBJC_ISA_USAGE = YES_ERROR;
				CLANG_WARN_EMPTY_BODY = YES;
				CLANG_WARN_ENUM_CONVERSION = YES;
				CLANG_WARN_INT_CONVERSION = YES;
				CLANG_WARN_OBJC_ROOT_CLASS = YES_ERROR;
				CLANG_WARN_UNREACHABLE_CODE = YES;
				CLANG_WARN__DUPLICATE_METHOD_MATCH = YES;
				"CODE_SIGN_IDENTITY[sdk=iphoneos*]" = "iPhone Developer";
				COPY_PHASE_STRIP = YES;
				ENABLE_NS_ASSERTIONS = NO;
				ENABLE_STRICT_OBJC_MSGSEND = YES;
				GCC_C_LANGUAGE_STANDARD = gnu99;
				GCC_WARN_64_TO_32_BIT_CONVERSION = YES;
				GCC_WARN_ABOUT_RETURN_TYPE = YES_ERROR;
				GCC_WARN_UNDECLARED_SELECTOR = YES;
				GCC_WARN_UNINITIALIZED_AUTOS = YES_AGGRESSIVE;
				GCC_WARN_UNUSED_FUNCTION = YES;
				GCC_WARN_UNUSED_VARIABLE = YES;
				IPHONEOS_DEPLOYMENT_TARGET = 8.1;
				MTL_ENABLE_DEBUG_INFO = NO;
				SDKROOT = iphoneos;
				TARGETED_DEVICE_FAMILY = "1,2";
				VALIDATE_PRODUCT = YES;
			};
			name = Release;
		};
		F19BD22F1A3350FC005C89D3 /* Debug */ = {
			isa = XCBuildConfiguration;
			buildSettings = {
				ASSETCATALOG_COMPILER_APPICON_NAME = AppIcon;
				INFOPLIST_FILE = playground/Info.plist;
				LD_RUNPATH_SEARCH_PATHS = "$(inherited) @executable_path/Frameworks";
				PRODUCT_NAME = "$(TARGET_NAME)";
			};
			name = Debug;
		};
		F19BD2301A3350FC005C89D3 /* Release */ = {
			isa = XCBuildConfiguration;
			buildSettings = {
				ASSETCATALOG_COMPILER_APPICON_NAME = AppIcon;
				INFOPLIST_FILE = playground/Info.plist;
				LD_RUNPATH_SEARCH_PATHS = "$(inherited) @executable_path/Frameworks";
				PRODUCT_NAME = "$(TARGET_NAME)";
			};
			name = Release;
		};
		F19BD2321A3350FC005C89D3 /* Debug */ = {
			isa = XCBuildConfiguration;
			buildSettings = {
				BUNDLE_LOADER = "$(TEST_HOST)";
				FRAMEWORK_SEARCH_PATHS = (
					"$(SDKROOT)/Developer/Library/Frameworks",
					"$(inherited)",
				);
				GCC_PREPROCESSOR_DEFINITIONS = (
					"DEBUG=1",
					"$(inherited)",
				);
				INFOPLIST_FILE = playgroundTests/Info.plist;
				LD_RUNPATH_SEARCH_PATHS = "$(inherited) @executable_path/Frameworks @loader_path/Frameworks";
				PRODUCT_NAME = "$(TARGET_NAME)";
				TEST_HOST = "$(BUILT_PRODUCTS_DIR)/playground.app/playground";
			};
			name = Debug;
		};
		F19BD2331A3350FC005C89D3 /* Release */ = {
			isa = XCBuildConfiguration;
			buildSettings = {
				BUNDLE_LOADER = "$(TEST_HOST)";
				FRAMEWORK_SEARCH_PATHS = (
					"$(SDKROOT)/Developer/Library/Frameworks",
					"$(inherited)",
				);
				INFOPLIST_FILE = playgroundTests/Info.plist;
				LD_RUNPATH_SEARCH_PATHS = "$(inherited) @executable_path/Frameworks @loader_path/Frameworks";
				PRODUCT_NAME = "$(TARGET_NAME)";
				TEST_HOST = "$(BUILT_PRODUCTS_DIR)/playground.app/playground";
			};
			name = Release;
		};
/* End XCBuildConfiguration section */

/* Begin XCConfigurationList section */
		F19BD20A1A3350FC005C89D3 /* Build configuration list for PBXProject "playground" */ = {
			isa = XCConfigurationList;
			buildConfigurations = (
				F19BD22C1A3350FC005C89D3 /* Debug */,
				F19BD22D1A3350FC005C89D3 /* Release */,
			);
			defaultConfigurationIsVisible = 0;
			defaultConfigurationName = Release;
		};
		F19BD22E1A3350FC005C89D3 /* Build configuration list for PBXNativeTarget "playground" */ = {
			isa = XCConfigurationList;
			buildConfigurations = (
				F19BD22F1A3350FC005C89D3 /* Debug */,
				F19BD2301A3350FC005C89D3 /* Release */,
			);
			defaultConfigurationIsVisible = 0;
		};
		F19BD2311A3350FC005C89D3 /* Build configuration list for PBXNativeTarget "playgroundTests" */ = {
			isa = XCConfigurationList;
			buildConfigurations = (
				F19BD2321A3350FC005C89D3 /* Debug */,
				F19BD2331A3350FC005C89D3 /* Release */,
			);
			defaultConfigurationIsVisible = 0;
		};
/* End XCConfigurationList section */
	};
	rootObject = F19BD2071A3350FC005C89D3 /* Project object */;
}
